
Microsoft Visual Studio Solution File, Format Version 12.00
# Visual Studio Version 16
VisualStudioVersion = 16.0.30517.126
MinimumVisualStudioVersion = 10.0.40219.1
Project("{8BC9CEB8-8B4A-11D0-8D11-00A0C91BC942}") = "AuctionSystem", "AuctionSystem\AuctionSystem.vcxproj", "{164DD63F-6F6A-44AF-B9EF-3A6C90C1E2B1}"
EndProject
Global
	GlobalSection(SolutionConfigurationPlatforms) = preSolution
		Debug|x64 = Debug|x64
		Debug|x86 = Debug|x86
		Release|x64 = Release|x64
		Release|x86 = Release|x86
	EndGlobalSection
	GlobalSection(ProjectConfigurationPlatforms) = postSolution
		{164DD63F-6F6A-44AF-B9EF-3A6C90C1E2B1}.Debug|x64.ActiveCfg = Debug|x64
		{164DD63F-6F6A-44AF-B9EF-3A6C90C1E2B1}.Debug|x64.Build.0 = Debug|x64
		{164DD63F-6F6A-44AF-B9EF-3A6C90C1E2B1}.Debug|x86.ActiveCfg = Debug|Win32
		{164DD63F-6F6A-44AF-B9EF-3A6C90C1E2B1}.Debug|x86.Build.0 = Debug|Win32
		{164DD63F-6F6A-44AF-B9EF-3A6C90C1E2B1}.Release|x64.ActiveCfg = Release|x64
		{164DD63F-6F6A-44AF-B9EF-3A6C90C1E2B1}.Release|x64.Build.0 = Release|x64
		{164DD63F-6F6A-44AF-B9EF-3A6C90C1E2B1}.Release|x86.ActiveCfg = Release|Win32
		{164DD63F-6F6A-44AF-B9EF-3A6C90C1E2B1}.Release|x86.Build.0 = Release|Win32
	EndGlobalSection
	GlobalSection(SolutionProperties) = preSolution
		HideSolutionNode = FALSE
	EndGlobalSection
	GlobalSection(ExtensibilityGlobals) = postSolution
		SolutionGuid = {6B6419D9-6E9D-4B1A-932D-E783BBD6B613}
	EndGlobalSection
EndGlobal
